Microsoft Visual Studio Solution File, Format Version 12.00
# Visual Studio Version 17
VisualStudioVersion = 17.5.2.0
MinimumVisualStudioVersion = 10.0.40219.1
Project("{FAE04EC0-301F-11D3-BF4B-00C04F79EFBC}") = "Lab5ITI", "Lab5ITI.csproj", "{16E2C945-44DC-518E-5E93-16B0FA294846}"
EndProject
Global
	GlobalSection(SolutionConfigurationPlatforms) = preSolution
		Debug|Any CPU = Debug|Any CPU
		Release|Any CPU = Release|Any CPU
	EndGlobalSection
	GlobalSection(ProjectConfigurationPlatforms) = postSolution
		{16E2C945-44DC-518E-5E93-16B0FA294846}.Debug|Any CPU.ActiveCfg = Debug|Any CPU
		{16E2C945-44DC-518E-5E93-16B0FA294846}.Debug|Any CPU.Build.0 = Debug|Any CPU
		{16E2C945-44DC-518E-5E93-16B0FA294846}.Release|Any CPU.ActiveCfg = Release|Any CPU
		{16E2C945-44DC-518E-5E93-16B0FA294846}.Release|Any CPU.Build.0 = Release|Any CPU
	EndGlobalSection
	GlobalSection(SolutionProperties) = preSolution
		HideSolutionNode = FALSE
	EndGlobalSection
	GlobalSection(ExtensibilityGlobals) = postSolution
		SolutionGuid = {AEC1F64B-3E34-47B0-92B6-2CB47A868A2C}
	EndGlobalSection
EndGlobal
